
Microsoft Visual Studio Solution File, Format Version 12.00
Project("{FAE04EC0-301F-11D3-BF4B-00C04F79EFBC}") = "DemoAuth", "DemoAuth\DemoAuth.csproj", "{3BEE529B-164F-4463-93E9-73E91AA4404A}"
EndProject
Project("{2150E333-8FDC-42A3-9474-1A3956D46DE8}") = "Solution Items", "Solution Items", "{503CC5A5-A1D4-40F9-ADC6-7056FEB2A71D}"
	ProjectSection(SolutionItems) = preProject
		compose.yaml = compose.yaml
	EndProjectSection
EndProject
Global
	GlobalSection(SolutionConfigurationPlatforms) = preSolution
		Debug|Any CPU = Debug|Any CPU
		Release|Any CPU = Release|Any CPU
	EndGlobalSection
	GlobalSection(ProjectConfigurationPlatforms) = postSolution
		{3BEE529B-164F-4463-93E9-73E91AA4404A}.Debug|Any CPU.ActiveCfg = Debug|Any CPU
		{3BEE529B-164F-4463-93E9-73E91AA4404A}.Debug|Any CPU.Build.0 = Debug|Any CPU
		{3BEE529B-164F-4463-93E9-73E91AA4404A}.Release|Any CPU.ActiveCfg = Release|Any CPU
		{3BEE529B-164F-4463-93E9-73E91AA4404A}.Release|Any CPU.Build.0 = Release|Any CPU
	EndGlobalSection
EndGlobal
